
Microsoft Visual Studio Solution File, Format Version 12.00
# Visual Studio 15
VisualStudioVersion = 15.0.28307.438
MinimumVisualStudioVersion = 10.0.40219.1
Project("{FAE04EC0-301F-11D3-BF4B-00C04F79EFBC}") = "Assign_Ment", "Assign_Ment\Assign_Ment.csproj", "{EC9AAC43-87DA-4654-8839-69582C1ABECA}"
EndProject
Global
	GlobalSection(SolutionConfigurationPlatforms) = preSolution
		Debug|Any CPU = Debug|Any CPU
		Release|Any CPU = Release|Any CPU
	EndGlobalSection
	GlobalSection(ProjectConfigurationPlatforms) = postSolution
		{EC9AAC43-87DA-4654-8839-69582C1ABECA}.Debug|Any CPU.ActiveCfg = Debug|Any CPU
		{EC9AAC43-87DA-4654-8839-69582C1ABECA}.Debug|Any CPU.Build.0 = Debug|Any CPU
		{EC9AAC43-87DA-4654-8839-69582C1ABECA}.Release|Any CPU.ActiveCfg = Release|Any CPU
		{EC9AAC43-87DA-4654-8839-69582C1ABECA}.Release|Any CPU.Build.0 = Release|Any CPU
	EndGlobalSection
	GlobalSection(SolutionProperties) = preSolution
		HideSolutionNode = FALSE
	EndGlobalSection
	GlobalSection(ExtensibilityGlobals) = postSolution
		SolutionGuid = {96BFA641-3946-4F92-9EAD-87A06164D344}
	EndGlobalSection
EndGlobal
